
Microsoft Visual Studio Solution File, Format Version 12.00
# Visual Studio 2013
VisualStudioVersion = 12.0.31101.0
MinimumVisualStudioVersion = 10.0.40219.1
Project("{8BC9CEB8-8B4A-11D0-8D11-00A0C91BC942}") = "jcW3CLOUD.Lib", "jcW3CLOUD.Lib\jcW3CLOUD.Lib.vcxproj", "{B56E2826-E0DB-40C0-A04A-9CC70D6098B5}"
EndProject
Project("{8BC9CEB8-8B4A-11D0-8D11-00A0C91BC942}") = "jcW3CLOUD.SDL", "jcW3CLOUD.SDL\jcW3CLOUD.SDL.vcxproj", "{CB121747-9420-4E30-8A5E-BB4807AE93D2}"
EndProject
Global
	GlobalSection(SolutionConfigurationPlatforms) = preSolution
		Debug|Any CPU = Debug|Any CPU
		Debug|Mixed Platforms = Debug|Mixed Platforms
		Debug|Win32 = Debug|Win32
		Debug|x86 = Debug|x86
		Release|Any CPU = Release|Any CPU
		Release|Mixed Platforms = Release|Mixed Platforms
		Release|Win32 = Release|Win32
		Release|x86 = Release|x86
	EndGlobalSection
	GlobalSection(ProjectConfigurationPlatforms) = postSolution
		{B56E2826-E0DB-40C0-A04A-9CC70D6098B5}.Debug|Any CPU.ActiveCfg = Debug|Win32
		{B56E2826-E0DB-40C0-A04A-9CC70D6098B5}.Debug|Mixed Platforms.ActiveCfg = Debug|Win32
		{B56E2826-E0DB-40C0-A04A-9CC70D6098B5}.Debug|Mixed Platforms.Build.0 = Debug|Win32
		{B56E2826-E0DB-40C0-A04A-9CC70D6098B5}.Debug|Win32.ActiveCfg = Debug|Win32
		{B56E2826-E0DB-40C0-A04A-9CC70D6098B5}.Debug|Win32.Build.0 = Debug|Win32
		{B56E2826-E0DB-40C0-A04A-9CC70D6098B5}.Debug|x86.ActiveCfg = Debug|Win32
		{B56E2826-E0DB-40C0-A04A-9CC70D6098B5}.Debug|x86.Build.0 = Debug|Win32
		{B56E2826-E0DB-40C0-A04A-9CC70D6098B5}.Release|Any CPU.ActiveCfg = Release|Win32
		{B56E2826-E0DB-40C0-A04A-9CC70D6098B5}.Release|Mixed Platforms.ActiveCfg = Release|Win32
		{B56E2826-E0DB-40C0-A04A-9CC70D6098B5}.Release|Mixed Platforms.Build.0 = Release|Win32
		{B56E2826-E0DB-40C0-A04A-9CC70D6098B5}.Release|Win32.ActiveCfg = Release|Win32
		{B56E2826-E0DB-40C0-A04A-9CC70D6098B5}.Release|Win32.Build.0 = Release|Win32
		{B56E2826-E0DB-40C0-A04A-9CC70D6098B5}.Release|x86.ActiveCfg = Release|Win32
		{B56E2826-E0DB-40C0-A04A-9CC70D6098B5}.Release|x86.Build.0 = Release|Win32
		{CB121747-9420-4E30-8A5E-BB4807AE93D2}.Debug|Any CPU.ActiveCfg = Debug|Win32
		{CB121747-9420-4E30-8A5E-BB4807AE93D2}.Debug|Mixed Platforms.ActiveCfg = Debug|Win32
		{CB121747-9420-4E30-8A5E-BB4807AE93D2}.Debug|Mixed Platforms.Build.0 = Debug|Win32
		{CB121747-9420-4E30-8A5E-BB4807AE93D2}.Debug|Win32.ActiveCfg = Debug|Win32
		{CB121747-9420-4E30-8A5E-BB4807AE93D2}.Debug|Win32.Build.0 = Debug|Win32
		{CB121747-9420-4E30-8A5E-BB4807AE93D2}.Debug|x86.ActiveCfg = Debug|Win32
		{CB121747-9420-4E30-8A5E-BB4807AE93D2}.Debug|x86.Build.0 = Debug|Win32
		{CB121747-9420-4E30-8A5E-BB4807AE93D2}.Release|Any CPU.ActiveCfg = Release|Win32
		{CB121747-9420-4E30-8A5E-BB4807AE93D2}.Release|Mixed Platforms.ActiveCfg = Release|Win32
		{CB121747-9420-4E30-8A5E-BB4807AE93D2}.Release|Mixed Platforms.Build.0 = Release|Win32
		{CB121747-9420-4E30-8A5E-BB4807AE93D2}.Release|Win32.ActiveCfg = Release|Win32
		{CB121747-9420-4E30-8A5E-BB4807AE93D2}.Release|Win32.Build.0 = Release|Win32
		{CB121747-9420-4E30-8A5E-BB4807AE93D2}.Release|x86.ActiveCfg = Release|Win32
		{CB121747-9420-4E30-8A5E-BB4807AE93D2}.Release|x86.Build.0 = Release|Win32
	EndGlobalSection
	GlobalSection(SolutionProperties) = preSolution
		HideSolutionNode = FALSE
	EndGlobalSection
EndGlobal
