
Microsoft Visual Studio Solution File, Format Version 12.00
# Visual Studio 15
VisualStudioVersion = 15.0.26606.0
MinimumVisualStudioVersion = 10.0.40219.1
Project("{8BC9CEB8-8B4A-11D0-8D11-00A0C91BC942}") = "jcW3CLOUD.Lib", "jcW3CLOUD.Lib\jcW3CLOUD.Lib.vcxproj", "{B56E2826-E0DB-40C0-A04A-9CC70D6098B5}"
EndProject
Project("{8BC9CEB8-8B4A-11D0-8D11-00A0C91BC942}") = "jcW3CLOUD.MOTIF", "jcW3CLOUD.MOTIF\jcW3CLOUD.MOTIF.vcxproj", "{5B52D4D1-6752-4F2F-B0A1-FE4D1E5FA3C4}"
EndProject
Project("{8BC9CEB8-8B4A-11D0-8D11-00A0C91BC942}") = "jcW3CLOUD.Gtk", "jcW3CLOUD.Gtk\jcW3CLOUD.Gtk.vcxproj", "{DFD27AD0-4509-471E-811E-F93D69C35C80}"
EndProject
Project("{FAE04EC0-301F-11D3-BF4B-00C04F79EFBC}") = "jcW3CLOUD.UWP", "jcW3CLOUD.UWP\jcW3CLOUD.UWP.csproj", "{1985A3EA-12FD-47D4-BE15-135D1AD3F1BF}"
	ProjectSection(ProjectDependencies) = postProject
		{3AD2247F-F8BB-4940-8E96-66B8AF02CD1F} = {3AD2247F-F8BB-4940-8E96-66B8AF02CD1F}
		{867A39CD-FEA9-40A8-84D1-D967A7508B76} = {867A39CD-FEA9-40A8-84D1-D967A7508B76}
	EndProjectSection
EndProject
Project("{FAE04EC0-301F-11D3-BF4B-00C04F79EFBC}") = "jcW3CLOUD.UWP.PCL", "jcW3CLOUD.UWP.PCL\jcW3CLOUD.UWP.PCL.csproj", "{867A39CD-FEA9-40A8-84D1-D967A7508B76}"
	ProjectSection(ProjectDependencies) = postProject
		{3AD2247F-F8BB-4940-8E96-66B8AF02CD1F} = {3AD2247F-F8BB-4940-8E96-66B8AF02CD1F}
	EndProjectSection
EndProject
Project("{FAE04EC0-301F-11D3-BF4B-00C04F79EFBC}") = "jcW3CLOUD.PCL", "jcW3CLOUD.PCL\jcW3CLOUD.PCL.csproj", "{3AD2247F-F8BB-4940-8E96-66B8AF02CD1F}"
EndProject
Project("{D954291E-2A0B-460D-934E-DC6B0785DB48}") = "jcW3CLOUD.Mobile", "jcW3CLOUD.Mobile\jcW3CLOUD.Mobile\jcW3CLOUD.Mobile.shproj", "{133BC821-909F-47FC-BA72-C60563402688}"
EndProject
Project("{FAE04EC0-301F-11D3-BF4B-00C04F79EFBC}") = "jcW3CLOUD.Mobile.Android", "jcW3CLOUD.Mobile\jcW3CLOUD.Mobile.Android\jcW3CLOUD.Mobile.Android.csproj", "{22B95210-C745-45D6-931A-FD1BD652834B}"
EndProject
Project("{FAE04EC0-301F-11D3-BF4B-00C04F79EFBC}") = "jcW3CLOUD.Mobile.iOS", "jcW3CLOUD.Mobile\jcW3CLOUD.Mobile.iOS\jcW3CLOUD.Mobile.iOS.csproj", "{4C977F59-4FA7-4D93-9106-B3867C211876}"
EndProject
Project("{FAE04EC0-301F-11D3-BF4B-00C04F79EFBC}") = "jcW3CLOUD.Mobile.UWP", "jcW3CLOUD.Mobile\jcW3CLOUD.Mobile.UWP\jcW3CLOUD.Mobile.UWP.csproj", "{A3E882C8-C035-4C9B-9822-61EE386F3563}"
EndProject
Global
	GlobalSection(SharedMSBuildProjectFiles) = preSolution
		jcW3CLOUD.Mobile\jcW3CLOUD.Mobile\jcW3CLOUD.Mobile.projitems*{133bc821-909f-47fc-ba72-c60563402688}*SharedItemsImports = 13
		jcW3CLOUD.Mobile\jcW3CLOUD.Mobile\jcW3CLOUD.Mobile.projitems*{22b95210-c745-45d6-931a-fd1bd652834b}*SharedItemsImports = 4
		jcW3CLOUD.Mobile\jcW3CLOUD.Mobile\jcW3CLOUD.Mobile.projitems*{4c977f59-4fa7-4d93-9106-b3867c211876}*SharedItemsImports = 4
	EndGlobalSection
	GlobalSection(SolutionConfigurationPlatforms) = preSolution
		Ad-Hoc|Any CPU = Ad-Hoc|Any CPU
		Ad-Hoc|ARM = Ad-Hoc|ARM
		Ad-Hoc|iPhone = Ad-Hoc|iPhone
		Ad-Hoc|iPhoneSimulator = Ad-Hoc|iPhoneSimulator
		Ad-Hoc|Mixed Platforms = Ad-Hoc|Mixed Platforms
		Ad-Hoc|Win32 = Ad-Hoc|Win32
		Ad-Hoc|x64 = Ad-Hoc|x64
		Ad-Hoc|x86 = Ad-Hoc|x86
		AppStore|Any CPU = AppStore|Any CPU
		AppStore|ARM = AppStore|ARM
		AppStore|iPhone = AppStore|iPhone
		AppStore|iPhoneSimulator = AppStore|iPhoneSimulator
		AppStore|Mixed Platforms = AppStore|Mixed Platforms
		AppStore|Win32 = AppStore|Win32
		AppStore|x64 = AppStore|x64
		AppStore|x86 = AppStore|x86
		Debug|Any CPU = Debug|Any CPU
		Debug|ARM = Debug|ARM
		Debug|iPhone = Debug|iPhone
		Debug|iPhoneSimulator = Debug|iPhoneSimulator
		Debug|Mixed Platforms = Debug|Mixed Platforms
		Debug|Win32 = Debug|Win32
		Debug|x64 = Debug|x64
		Debug|x86 = Debug|x86
		Release|Any CPU = Release|Any CPU
		Release|ARM = Release|ARM
		Release|iPhone = Release|iPhone
		Release|iPhoneSimulator = Release|iPhoneSimulator
		Release|Mixed Platforms = Release|Mixed Platforms
		Release|Win32 = Release|Win32
		Release|x64 = Release|x64
		Release|x86 = Release|x86
	EndGlobalSection
	GlobalSection(ProjectConfigurationPlatforms) = postSolution
		{B56E2826-E0DB-40C0-A04A-9CC70D6098B5}.Ad-Hoc|Any CPU.ActiveCfg = Release|Win32
		{B56E2826-E0DB-40C0-A04A-9CC70D6098B5}.Ad-Hoc|ARM.ActiveCfg = Release|Win32
		{B56E2826-E0DB-40C0-A04A-9CC70D6098B5}.Ad-Hoc|iPhone.ActiveCfg = Release|Win32
		{B56E2826-E0DB-40C0-A04A-9CC70D6098B5}.Ad-Hoc|iPhoneSimulator.ActiveCfg = Release|Win32
		{B56E2826-E0DB-40C0-A04A-9CC70D6098B5}.Ad-Hoc|Mixed Platforms.ActiveCfg = Release|Win32
		{B56E2826-E0DB-40C0-A04A-9CC70D6098B5}.Ad-Hoc|Win32.ActiveCfg = Release|Win32
		{B56E2826-E0DB-40C0-A04A-9CC70D6098B5}.Ad-Hoc|x64.ActiveCfg = Release|Win32
		{B56E2826-E0DB-40C0-A04A-9CC70D6098B5}.Ad-Hoc|x86.ActiveCfg = Release|Win32
		{B56E2826-E0DB-40C0-A04A-9CC70D6098B5}.AppStore|Any CPU.ActiveCfg = Release|Win32
		{B56E2826-E0DB-40C0-A04A-9CC70D6098B5}.AppStore|ARM.ActiveCfg = Release|Win32
		{B56E2826-E0DB-40C0-A04A-9CC70D6098B5}.AppStore|iPhone.ActiveCfg = Release|Win32
		{B56E2826-E0DB-40C0-A04A-9CC70D6098B5}.AppStore|iPhoneSimulator.ActiveCfg = Release|Win32
		{B56E2826-E0DB-40C0-A04A-9CC70D6098B5}.AppStore|Mixed Platforms.ActiveCfg = Release|Win32
		{B56E2826-E0DB-40C0-A04A-9CC70D6098B5}.AppStore|Win32.ActiveCfg = Release|Win32
		{B56E2826-E0DB-40C0-A04A-9CC70D6098B5}.AppStore|x64.ActiveCfg = Release|Win32
		{B56E2826-E0DB-40C0-A04A-9CC70D6098B5}.AppStore|x86.ActiveCfg = Release|Win32
		{B56E2826-E0DB-40C0-A04A-9CC70D6098B5}.Debug|Any CPU.ActiveCfg = Debug|Win32
		{B56E2826-E0DB-40C0-A04A-9CC70D6098B5}.Debug|ARM.ActiveCfg = Debug|Win32
		{B56E2826-E0DB-40C0-A04A-9CC70D6098B5}.Debug|iPhone.ActiveCfg = Debug|Win32
		{B56E2826-E0DB-40C0-A04A-9CC70D6098B5}.Debug|iPhoneSimulator.ActiveCfg = Debug|Win32
		{B56E2826-E0DB-40C0-A04A-9CC70D6098B5}.Debug|Mixed Platforms.ActiveCfg = Debug|Win32
		{B56E2826-E0DB-40C0-A04A-9CC70D6098B5}.Debug|Win32.ActiveCfg = Debug|Win32
		{B56E2826-E0DB-40C0-A04A-9CC70D6098B5}.Debug|Win32.Build.0 = Debug|Win32
		{B56E2826-E0DB-40C0-A04A-9CC70D6098B5}.Debug|x64.ActiveCfg = Debug|Win32
		{B56E2826-E0DB-40C0-A04A-9CC70D6098B5}.Debug|x86.ActiveCfg = Debug|Win32
		{B56E2826-E0DB-40C0-A04A-9CC70D6098B5}.Debug|x86.Build.0 = Debug|Win32
		{B56E2826-E0DB-40C0-A04A-9CC70D6098B5}.Release|Any CPU.ActiveCfg = Release|Win32
		{B56E2826-E0DB-40C0-A04A-9CC70D6098B5}.Release|ARM.ActiveCfg = Release|Win32
		{B56E2826-E0DB-40C0-A04A-9CC70D6098B5}.Release|iPhone.ActiveCfg = Release|Win32
		{B56E2826-E0DB-40C0-A04A-9CC70D6098B5}.Release|iPhoneSimulator.ActiveCfg = Release|Win32
		{B56E2826-E0DB-40C0-A04A-9CC70D6098B5}.Release|Mixed Platforms.ActiveCfg = Release|Win32
		{B56E2826-E0DB-40C0-A04A-9CC70D6098B5}.Release|Mixed Platforms.Build.0 = Release|Win32
		{B56E2826-E0DB-40C0-A04A-9CC70D6098B5}.Release|Win32.ActiveCfg = Release|Win32
		{B56E2826-E0DB-40C0-A04A-9CC70D6098B5}.Release|Win32.Build.0 = Release|Win32
		{B56E2826-E0DB-40C0-A04A-9CC70D6098B5}.Release|x64.ActiveCfg = Release|Win32
		{B56E2826-E0DB-40C0-A04A-9CC70D6098B5}.Release|x86.ActiveCfg = Release|Win32
		{B56E2826-E0DB-40C0-A04A-9CC70D6098B5}.Release|x86.Build.0 = Release|Win32
		{5B52D4D1-6752-4F2F-B0A1-FE4D1E5FA3C4}.Ad-Hoc|Any CPU.ActiveCfg = Release|Win32
		{5B52D4D1-6752-4F2F-B0A1-FE4D1E5FA3C4}.Ad-Hoc|ARM.ActiveCfg = Release|Win32
		{5B52D4D1-6752-4F2F-B0A1-FE4D1E5FA3C4}.Ad-Hoc|iPhone.ActiveCfg = Release|Win32
		{5B52D4D1-6752-4F2F-B0A1-FE4D1E5FA3C4}.Ad-Hoc|iPhoneSimulator.ActiveCfg = Release|Win32
		{5B52D4D1-6752-4F2F-B0A1-FE4D1E5FA3C4}.Ad-Hoc|Mixed Platforms.ActiveCfg = Release|Win32
		{5B52D4D1-6752-4F2F-B0A1-FE4D1E5FA3C4}.Ad-Hoc|Win32.ActiveCfg = Release|Win32
		{5B52D4D1-6752-4F2F-B0A1-FE4D1E5FA3C4}.Ad-Hoc|x64.ActiveCfg = Release|Win32
		{5B52D4D1-6752-4F2F-B0A1-FE4D1E5FA3C4}.Ad-Hoc|x86.ActiveCfg = Release|Win32
		{5B52D4D1-6752-4F2F-B0A1-FE4D1E5FA3C4}.AppStore|Any CPU.ActiveCfg = Release|Win32
		{5B52D4D1-6752-4F2F-B0A1-FE4D1E5FA3C4}.AppStore|ARM.ActiveCfg = Release|Win32
		{5B52D4D1-6752-4F2F-B0A1-FE4D1E5FA3C4}.AppStore|iPhone.ActiveCfg = Release|Win32
		{5B52D4D1-6752-4F2F-B0A1-FE4D1E5FA3C4}.AppStore|iPhoneSimulator.ActiveCfg = Release|Win32
		{5B52D4D1-6752-4F2F-B0A1-FE4D1E5FA3C4}.AppStore|Mixed Platforms.ActiveCfg = Release|Win32
		{5B52D4D1-6752-4F2F-B0A1-FE4D1E5FA3C4}.AppStore|Win32.ActiveCfg = Release|Win32
		{5B52D4D1-6752-4F2F-B0A1-FE4D1E5FA3C4}.AppStore|x64.ActiveCfg = Release|Win32
		{5B52D4D1-6752-4F2F-B0A1-FE4D1E5FA3C4}.AppStore|x86.ActiveCfg = Release|Win32
		{5B52D4D1-6752-4F2F-B0A1-FE4D1E5FA3C4}.Debug|Any CPU.ActiveCfg = Debug|Win32
		{5B52D4D1-6752-4F2F-B0A1-FE4D1E5FA3C4}.Debug|ARM.ActiveCfg = Debug|Win32
		{5B52D4D1-6752-4F2F-B0A1-FE4D1E5FA3C4}.Debug|iPhone.ActiveCfg = Debug|Win32
		{5B52D4D1-6752-4F2F-B0A1-FE4D1E5FA3C4}.Debug|iPhoneSimulator.ActiveCfg = Debug|Win32
		{5B52D4D1-6752-4F2F-B0A1-FE4D1E5FA3C4}.Debug|Mixed Platforms.ActiveCfg = Debug|Win32
		{5B52D4D1-6752-4F2F-B0A1-FE4D1E5FA3C4}.Debug|Win32.ActiveCfg = Debug|Win32
		{5B52D4D1-6752-4F2F-B0A1-FE4D1E5FA3C4}.Debug|Win32.Build.0 = Debug|Win32
		{5B52D4D1-6752-4F2F-B0A1-FE4D1E5FA3C4}.Debug|x64.ActiveCfg = Debug|Win32
		{5B52D4D1-6752-4F2F-B0A1-FE4D1E5FA3C4}.Debug|x86.ActiveCfg = Debug|Win32
		{5B52D4D1-6752-4F2F-B0A1-FE4D1E5FA3C4}.Debug|x86.Build.0 = Debug|Win32
		{5B52D4D1-6752-4F2F-B0A1-FE4D1E5FA3C4}.Release|Any CPU.ActiveCfg = Release|Win32
		{5B52D4D1-6752-4F2F-B0A1-FE4D1E5FA3C4}.Release|ARM.ActiveCfg = Release|Win32
		{5B52D4D1-6752-4F2F-B0A1-FE4D1E5FA3C4}.Release|iPhone.ActiveCfg = Release|Win32
		{5B52D4D1-6752-4F2F-B0A1-FE4D1E5FA3C4}.Release|iPhoneSimulator.ActiveCfg = Release|Win32
		{5B52D4D1-6752-4F2F-B0A1-FE4D1E5FA3C4}.Release|Mixed Platforms.ActiveCfg = Release|Win32
		{5B52D4D1-6752-4F2F-B0A1-FE4D1E5FA3C4}.Release|Win32.ActiveCfg = Release|Win32
		{5B52D4D1-6752-4F2F-B0A1-FE4D1E5FA3C4}.Release|Win32.Build.0 = Release|Win32
		{5B52D4D1-6752-4F2F-B0A1-FE4D1E5FA3C4}.Release|x64.ActiveCfg = Release|Win32
		{5B52D4D1-6752-4F2F-B0A1-FE4D1E5FA3C4}.Release|x86.ActiveCfg = Release|Win32
		{5B52D4D1-6752-4F2F-B0A1-FE4D1E5FA3C4}.Release|x86.Build.0 = Release|Win32
		{DFD27AD0-4509-471E-811E-F93D69C35C80}.Ad-Hoc|Any CPU.ActiveCfg = Release|Win32
		{DFD27AD0-4509-471E-811E-F93D69C35C80}.Ad-Hoc|ARM.ActiveCfg = Release|Win32
		{DFD27AD0-4509-471E-811E-F93D69C35C80}.Ad-Hoc|iPhone.ActiveCfg = Release|Win32
		{DFD27AD0-4509-471E-811E-F93D69C35C80}.Ad-Hoc|iPhoneSimulator.ActiveCfg = Release|Win32
		{DFD27AD0-4509-471E-811E-F93D69C35C80}.Ad-Hoc|Mixed Platforms.ActiveCfg = Release|Win32
		{DFD27AD0-4509-471E-811E-F93D69C35C80}.Ad-Hoc|Win32.ActiveCfg = Release|Win32
		{DFD27AD0-4509-471E-811E-F93D69C35C80}.Ad-Hoc|x64.ActiveCfg = Release|Win32
		{DFD27AD0-4509-471E-811E-F93D69C35C80}.Ad-Hoc|x86.ActiveCfg = Release|Win32
		{DFD27AD0-4509-471E-811E-F93D69C35C80}.AppStore|Any CPU.ActiveCfg = Release|Win32
		{DFD27AD0-4509-471E-811E-F93D69C35C80}.AppStore|ARM.ActiveCfg = Release|Win32
		{DFD27AD0-4509-471E-811E-F93D69C35C80}.AppStore|iPhone.ActiveCfg = Release|Win32
		{DFD27AD0-4509-471E-811E-F93D69C35C80}.AppStore|iPhoneSimulator.ActiveCfg = Release|Win32
		{DFD27AD0-4509-471E-811E-F93D69C35C80}.AppStore|Mixed Platforms.ActiveCfg = Release|Win32
		{DFD27AD0-4509-471E-811E-F93D69C35C80}.AppStore|Win32.ActiveCfg = Release|Win32
		{DFD27AD0-4509-471E-811E-F93D69C35C80}.AppStore|x64.ActiveCfg = Release|Win32
		{DFD27AD0-4509-471E-811E-F93D69C35C80}.AppStore|x86.ActiveCfg = Release|Win32
		{DFD27AD0-4509-471E-811E-F93D69C35C80}.Debug|Any CPU.ActiveCfg = Debug|Win32
		{DFD27AD0-4509-471E-811E-F93D69C35C80}.Debug|ARM.ActiveCfg = Debug|Win32
		{DFD27AD0-4509-471E-811E-F93D69C35C80}.Debug|iPhone.ActiveCfg = Debug|Win32
		{DFD27AD0-4509-471E-811E-F93D69C35C80}.Debug|iPhoneSimulator.ActiveCfg = Debug|Win32
		{DFD27AD0-4509-471E-811E-F93D69C35C80}.Debug|Mixed Platforms.ActiveCfg = Debug|Win32
		{DFD27AD0-4509-471E-811E-F93D69C35C80}.Debug|Win32.ActiveCfg = Debug|Win32
		{DFD27AD0-4509-471E-811E-F93D69C35C80}.Debug|Win32.Build.0 = Debug|Win32
		{DFD27AD0-4509-471E-811E-F93D69C35C80}.Debug|x64.ActiveCfg = Debug|Win32
		{DFD27AD0-4509-471E-811E-F93D69C35C80}.Debug|x86.ActiveCfg = Debug|Win32
		{DFD27AD0-4509-471E-811E-F93D69C35C80}.Debug|x86.Build.0 = Debug|Win32
		{DFD27AD0-4509-471E-811E-F93D69C35C80}.Release|Any CPU.ActiveCfg = Release|Win32
		{DFD27AD0-4509-471E-811E-F93D69C35C80}.Release|ARM.ActiveCfg = Release|Win32
		{DFD27AD0-4509-471E-811E-F93D69C35C80}.Release|iPhone.ActiveCfg = Release|Win32
		{DFD27AD0-4509-471E-811E-F93D69C35C80}.Release|iPhoneSimulator.ActiveCfg = Release|Win32
		{DFD27AD0-4509-471E-811E-F93D69C35C80}.Release|Mixed Platforms.ActiveCfg = Release|Win32
		{DFD27AD0-4509-471E-811E-F93D69C35C80}.Release|Mixed Platforms.Build.0 = Release|Win32
		{DFD27AD0-4509-471E-811E-F93D69C35C80}.Release|Win32.ActiveCfg = Release|Win32
		{DFD27AD0-4509-471E-811E-F93D69C35C80}.Release|Win32.Build.0 = Release|Win32
		{DFD27AD0-4509-471E-811E-F93D69C35C80}.Release|x64.ActiveCfg = Release|Win32
		{DFD27AD0-4509-471E-811E-F93D69C35C80}.Release|x86.ActiveCfg = Release|Win32
		{DFD27AD0-4509-471E-811E-F93D69C35C80}.Release|x86.Build.0 = Release|Win32
		{1985A3EA-12FD-47D4-BE15-135D1AD3F1BF}.Ad-Hoc|Any CPU.ActiveCfg = Release|x64
		{1985A3EA-12FD-47D4-BE15-135D1AD3F1BF}.Ad-Hoc|ARM.ActiveCfg = Release|ARM
		{1985A3EA-12FD-47D4-BE15-135D1AD3F1BF}.Ad-Hoc|iPhone.ActiveCfg = Release|x64
		{1985A3EA-12FD-47D4-BE15-135D1AD3F1BF}.Ad-Hoc|iPhoneSimulator.ActiveCfg = Release|x64
		{1985A3EA-12FD-47D4-BE15-135D1AD3F1BF}.Ad-Hoc|Mixed Platforms.ActiveCfg = Release|x86
		{1985A3EA-12FD-47D4-BE15-135D1AD3F1BF}.Ad-Hoc|Win32.ActiveCfg = Release|x86
		{1985A3EA-12FD-47D4-BE15-135D1AD3F1BF}.Ad-Hoc|x64.ActiveCfg = Release|x64
		{1985A3EA-12FD-47D4-BE15-135D1AD3F1BF}.Ad-Hoc|x86.ActiveCfg = Release|x86
		{1985A3EA-12FD-47D4-BE15-135D1AD3F1BF}.AppStore|Any CPU.ActiveCfg = Release|x64
		{1985A3EA-12FD-47D4-BE15-135D1AD3F1BF}.AppStore|ARM.ActiveCfg = Release|ARM
		{1985A3EA-12FD-47D4-BE15-135D1AD3F1BF}.AppStore|iPhone.ActiveCfg = Release|x64
		{1985A3EA-12FD-47D4-BE15-135D1AD3F1BF}.AppStore|iPhoneSimulator.ActiveCfg = Release|x64
		{1985A3EA-12FD-47D4-BE15-135D1AD3F1BF}.AppStore|Mixed Platforms.ActiveCfg = Release|x86
		{1985A3EA-12FD-47D4-BE15-135D1AD3F1BF}.AppStore|Win32.ActiveCfg = Release|x86
		{1985A3EA-12FD-47D4-BE15-135D1AD3F1BF}.AppStore|x64.ActiveCfg = Release|x64
		{1985A3EA-12FD-47D4-BE15-135D1AD3F1BF}.AppStore|x86.ActiveCfg = Release|x86
		{1985A3EA-12FD-47D4-BE15-135D1AD3F1BF}.Debug|Any CPU.ActiveCfg = Debug|x86
		{1985A3EA-12FD-47D4-BE15-135D1AD3F1BF}.Debug|ARM.ActiveCfg = Debug|ARM
		{1985A3EA-12FD-47D4-BE15-135D1AD3F1BF}.Debug|ARM.Build.0 = Debug|ARM
		{1985A3EA-12FD-47D4-BE15-135D1AD3F1BF}.Debug|ARM.Deploy.0 = Debug|ARM
		{1985A3EA-12FD-47D4-BE15-135D1AD3F1BF}.Debug|iPhone.ActiveCfg = Debug|x86
		{1985A3EA-12FD-47D4-BE15-135D1AD3F1BF}.Debug|iPhoneSimulator.ActiveCfg = Debug|x86
		{1985A3EA-12FD-47D4-BE15-135D1AD3F1BF}.Debug|Mixed Platforms.ActiveCfg = Debug|x86
		{1985A3EA-12FD-47D4-BE15-135D1AD3F1BF}.Debug|Mixed Platforms.Build.0 = Debug|x86
		{1985A3EA-12FD-47D4-BE15-135D1AD3F1BF}.Debug|Mixed Platforms.Deploy.0 = Debug|x86
		{1985A3EA-12FD-47D4-BE15-135D1AD3F1BF}.Debug|Win32.ActiveCfg = Debug|x86
		{1985A3EA-12FD-47D4-BE15-135D1AD3F1BF}.Debug|Win32.Build.0 = Debug|x86
		{1985A3EA-12FD-47D4-BE15-135D1AD3F1BF}.Debug|Win32.Deploy.0 = Debug|x86
		{1985A3EA-12FD-47D4-BE15-135D1AD3F1BF}.Debug|x64.ActiveCfg = Debug|x64
		{1985A3EA-12FD-47D4-BE15-135D1AD3F1BF}.Debug|x64.Build.0 = Debug|x64
		{1985A3EA-12FD-47D4-BE15-135D1AD3F1BF}.Debug|x64.Deploy.0 = Debug|x64
		{1985A3EA-12FD-47D4-BE15-135D1AD3F1BF}.Debug|x86.ActiveCfg = Debug|x86
		{1985A3EA-12FD-47D4-BE15-135D1AD3F1BF}.Debug|x86.Build.0 = Debug|x86
		{1985A3EA-12FD-47D4-BE15-135D1AD3F1BF}.Debug|x86.Deploy.0 = Debug|x86
		{1985A3EA-12FD-47D4-BE15-135D1AD3F1BF}.Release|Any CPU.ActiveCfg = Release|x86
		{1985A3EA-12FD-47D4-BE15-135D1AD3F1BF}.Release|ARM.ActiveCfg = Release|ARM
		{1985A3EA-12FD-47D4-BE15-135D1AD3F1BF}.Release|ARM.Build.0 = Release|ARM
		{1985A3EA-12FD-47D4-BE15-135D1AD3F1BF}.Release|ARM.Deploy.0 = Release|ARM
		{1985A3EA-12FD-47D4-BE15-135D1AD3F1BF}.Release|iPhone.ActiveCfg = Release|x86
		{1985A3EA-12FD-47D4-BE15-135D1AD3F1BF}.Release|iPhoneSimulator.ActiveCfg = Release|x86
		{1985A3EA-12FD-47D4-BE15-135D1AD3F1BF}.Release|Mixed Platforms.ActiveCfg = Release|x86
		{1985A3EA-12FD-47D4-BE15-135D1AD3F1BF}.Release|Mixed Platforms.Build.0 = Release|x86
		{1985A3EA-12FD-47D4-BE15-135D1AD3F1BF}.Release|Mixed Platforms.Deploy.0 = Release|x86
		{1985A3EA-12FD-47D4-BE15-135D1AD3F1BF}.Release|Win32.ActiveCfg = Release|x86
		{1985A3EA-12FD-47D4-BE15-135D1AD3F1BF}.Release|Win32.Build.0 = Release|x86
		{1985A3EA-12FD-47D4-BE15-135D1AD3F1BF}.Release|Win32.Deploy.0 = Release|x86
		{1985A3EA-12FD-47D4-BE15-135D1AD3F1BF}.Release|x64.ActiveCfg = Release|x64
		{1985A3EA-12FD-47D4-BE15-135D1AD3F1BF}.Release|x64.Build.0 = Release|x64
		{1985A3EA-12FD-47D4-BE15-135D1AD3F1BF}.Release|x64.Deploy.0 = Release|x64
		{1985A3EA-12FD-47D4-BE15-135D1AD3F1BF}.Release|x86.ActiveCfg = Release|x86
		{1985A3EA-12FD-47D4-BE15-135D1AD3F1BF}.Release|x86.Build.0 = Release|x86
		{1985A3EA-12FD-47D4-BE15-135D1AD3F1BF}.Release|x86.Deploy.0 = Release|x86
		{867A39CD-FEA9-40A8-84D1-D967A7508B76}.Ad-Hoc|Any CPU.ActiveCfg = Release|Any CPU
		{867A39CD-FEA9-40A8-84D1-D967A7508B76}.Ad-Hoc|ARM.ActiveCfg = Release|ARM
		{867A39CD-FEA9-40A8-84D1-D967A7508B76}.Ad-Hoc|iPhone.ActiveCfg = Release|Any CPU
		{867A39CD-FEA9-40A8-84D1-D967A7508B76}.Ad-Hoc|iPhoneSimulator.ActiveCfg = Release|Any CPU
		{867A39CD-FEA9-40A8-84D1-D967A7508B76}.Ad-Hoc|Mixed Platforms.ActiveCfg = Release|x86
		{867A39CD-FEA9-40A8-84D1-D967A7508B76}.Ad-Hoc|Win32.ActiveCfg = Release|x86
		{867A39CD-FEA9-40A8-84D1-D967A7508B76}.Ad-Hoc|x64.ActiveCfg = Release|x64
		{867A39CD-FEA9-40A8-84D1-D967A7508B76}.Ad-Hoc|x86.ActiveCfg = Release|x86
		{867A39CD-FEA9-40A8-84D1-D967A7508B76}.AppStore|Any CPU.ActiveCfg = Release|Any CPU
		{867A39CD-FEA9-40A8-84D1-D967A7508B76}.AppStore|ARM.ActiveCfg = Release|ARM
		{867A39CD-FEA9-40A8-84D1-D967A7508B76}.AppStore|iPhone.ActiveCfg = Release|Any CPU
		{867A39CD-FEA9-40A8-84D1-D967A7508B76}.AppStore|iPhoneSimulator.ActiveCfg = Release|Any CPU
		{867A39CD-FEA9-40A8-84D1-D967A7508B76}.AppStore|Mixed Platforms.ActiveCfg = Release|x86
		{867A39CD-FEA9-40A8-84D1-D967A7508B76}.AppStore|Win32.ActiveCfg = Release|x86
		{867A39CD-FEA9-40A8-84D1-D967A7508B76}.AppStore|x64.ActiveCfg = Release|x64
		{867A39CD-FEA9-40A8-84D1-D967A7508B76}.AppStore|x86.ActiveCfg = Release|x86
		{867A39CD-FEA9-40A8-84D1-D967A7508B76}.Debug|Any CPU.ActiveCfg = Debug|Any CPU
		{867A39CD-FEA9-40A8-84D1-D967A7508B76}.Debug|Any CPU.Build.0 = Debug|Any CPU
		{867A39CD-FEA9-40A8-84D1-D967A7508B76}.Debug|ARM.ActiveCfg = Debug|ARM
		{867A39CD-FEA9-40A8-84D1-D967A7508B76}.Debug|ARM.Build.0 = Debug|ARM
		{867A39CD-FEA9-40A8-84D1-D967A7508B76}.Debug|iPhone.ActiveCfg = Debug|Any CPU
		{867A39CD-FEA9-40A8-84D1-D967A7508B76}.Debug|iPhoneSimulator.ActiveCfg = Debug|Any CPU
		{867A39CD-FEA9-40A8-84D1-D967A7508B76}.Debug|Mixed Platforms.ActiveCfg = Debug|x86
		{867A39CD-FEA9-40A8-84D1-D967A7508B76}.Debug|Mixed Platforms.Build.0 = Debug|x86
		{867A39CD-FEA9-40A8-84D1-D967A7508B76}.Debug|Win32.ActiveCfg = Debug|x86
		{867A39CD-FEA9-40A8-84D1-D967A7508B76}.Debug|Win32.Build.0 = Debug|x86
		{867A39CD-FEA9-40A8-84D1-D967A7508B76}.Debug|x64.ActiveCfg = Debug|x64
		{867A39CD-FEA9-40A8-84D1-D967A7508B76}.Debug|x64.Build.0 = Debug|x64
		{867A39CD-FEA9-40A8-84D1-D967A7508B76}.Debug|x86.ActiveCfg = Debug|x86
		{867A39CD-FEA9-40A8-84D1-D967A7508B76}.Debug|x86.Build.0 = Debug|x86
		{867A39CD-FEA9-40A8-84D1-D967A7508B76}.Release|Any CPU.ActiveCfg = Release|Any CPU
		{867A39CD-FEA9-40A8-84D1-D967A7508B76}.Release|Any CPU.Build.0 = Release|Any CPU
		{867A39CD-FEA9-40A8-84D1-D967A7508B76}.Release|ARM.ActiveCfg = Release|ARM
		{867A39CD-FEA9-40A8-84D1-D967A7508B76}.Release|ARM.Build.0 = Release|ARM
		{867A39CD-FEA9-40A8-84D1-D967A7508B76}.Release|iPhone.ActiveCfg = Release|Any CPU
		{867A39CD-FEA9-40A8-84D1-D967A7508B76}.Release|iPhoneSimulator.ActiveCfg = Release|Any CPU
		{867A39CD-FEA9-40A8-84D1-D967A7508B76}.Release|Mixed Platforms.ActiveCfg = Release|x86
		{867A39CD-FEA9-40A8-84D1-D967A7508B76}.Release|Mixed Platforms.Build.0 = Release|x86
		{867A39CD-FEA9-40A8-84D1-D967A7508B76}.Release|Win32.ActiveCfg = Release|x86
		{867A39CD-FEA9-40A8-84D1-D967A7508B76}.Release|Win32.Build.0 = Release|x86
		{867A39CD-FEA9-40A8-84D1-D967A7508B76}.Release|x64.ActiveCfg = Release|x64
		{867A39CD-FEA9-40A8-84D1-D967A7508B76}.Release|x64.Build.0 = Release|x64
		{867A39CD-FEA9-40A8-84D1-D967A7508B76}.Release|x86.ActiveCfg = Release|x86
		{867A39CD-FEA9-40A8-84D1-D967A7508B76}.Release|x86.Build.0 = Release|x86
		{3AD2247F-F8BB-4940-8E96-66B8AF02CD1F}.Ad-Hoc|Any CPU.ActiveCfg = Release|Any CPU
		{3AD2247F-F8BB-4940-8E96-66B8AF02CD1F}.Ad-Hoc|Any CPU.Build.0 = Release|Any CPU
		{3AD2247F-F8BB-4940-8E96-66B8AF02CD1F}.Ad-Hoc|ARM.ActiveCfg = Release|Any CPU
		{3AD2247F-F8BB-4940-8E96-66B8AF02CD1F}.Ad-Hoc|ARM.Build.0 = Release|Any CPU
		{3AD2247F-F8BB-4940-8E96-66B8AF02CD1F}.Ad-Hoc|iPhone.ActiveCfg = Release|Any CPU
		{3AD2247F-F8BB-4940-8E96-66B8AF02CD1F}.Ad-Hoc|iPhone.Build.0 = Release|Any CPU
		{3AD2247F-F8BB-4940-8E96-66B8AF02CD1F}.Ad-Hoc|iPhoneSimulator.ActiveCfg = Release|Any CPU
		{3AD2247F-F8BB-4940-8E96-66B8AF02CD1F}.Ad-Hoc|iPhoneSimulator.Build.0 = Release|Any CPU
		{3AD2247F-F8BB-4940-8E96-66B8AF02CD1F}.Ad-Hoc|Mixed Platforms.ActiveCfg = Release|Any CPU
		{3AD2247F-F8BB-4940-8E96-66B8AF02CD1F}.Ad-Hoc|Mixed Platforms.Build.0 = Release|Any CPU
		{3AD2247F-F8BB-4940-8E96-66B8AF02CD1F}.Ad-Hoc|Win32.ActiveCfg = Release|Any CPU
		{3AD2247F-F8BB-4940-8E96-66B8AF02CD1F}.Ad-Hoc|Win32.Build.0 = Release|Any CPU
		{3AD2247F-F8BB-4940-8E96-66B8AF02CD1F}.Ad-Hoc|x64.ActiveCfg = Release|Any CPU
		{3AD2247F-F8BB-4940-8E96-66B8AF02CD1F}.Ad-Hoc|x64.Build.0 = Release|Any CPU
		{3AD2247F-F8BB-4940-8E96-66B8AF02CD1F}.Ad-Hoc|x86.ActiveCfg = Release|Any CPU
		{3AD2247F-F8BB-4940-8E96-66B8AF02CD1F}.Ad-Hoc|x86.Build.0 = Release|Any CPU
		{3AD2247F-F8BB-4940-8E96-66B8AF02CD1F}.AppStore|Any CPU.ActiveCfg = Release|Any CPU
		{3AD2247F-F8BB-4940-8E96-66B8AF02CD1F}.AppStore|Any CPU.Build.0 = Release|Any CPU
		{3AD2247F-F8BB-4940-8E96-66B8AF02CD1F}.AppStore|ARM.ActiveCfg = Release|Any CPU
		{3AD2247F-F8BB-4940-8E96-66B8AF02CD1F}.AppStore|ARM.Build.0 = Release|Any CPU
		{3AD2247F-F8BB-4940-8E96-66B8AF02CD1F}.AppStore|iPhone.ActiveCfg = Release|Any CPU
		{3AD2247F-F8BB-4940-8E96-66B8AF02CD1F}.AppStore|iPhone.Build.0 = Release|Any CPU
		{3AD2247F-F8BB-4940-8E96-66B8AF02CD1F}.AppStore|iPhoneSimulator.ActiveCfg = Release|Any CPU
		{3AD2247F-F8BB-4940-8E96-66B8AF02CD1F}.AppStore|iPhoneSimulator.Build.0 = Release|Any CPU
		{3AD2247F-F8BB-4940-8E96-66B8AF02CD1F}.AppStore|Mixed Platforms.ActiveCfg = Release|Any CPU
		{3AD2247F-F8BB-4940-8E96-66B8AF02CD1F}.AppStore|Mixed Platforms.Build.0 = Release|Any CPU
		{3AD2247F-F8BB-4940-8E96-66B8AF02CD1F}.AppStore|Win32.ActiveCfg = Release|Any CPU
		{3AD2247F-F8BB-4940-8E96-66B8AF02CD1F}.AppStore|Win32.Build.0 = Release|Any CPU
		{3AD2247F-F8BB-4940-8E96-66B8AF02CD1F}.AppStore|x64.ActiveCfg = Release|Any CPU
		{3AD2247F-F8BB-4940-8E96-66B8AF02CD1F}.AppStore|x64.Build.0 = Release|Any CPU
		{3AD2247F-F8BB-4940-8E96-66B8AF02CD1F}.AppStore|x86.ActiveCfg = Release|Any CPU
		{3AD2247F-F8BB-4940-8E96-66B8AF02CD1F}.AppStore|x86.Build.0 = Release|Any CPU
		{3AD2247F-F8BB-4940-8E96-66B8AF02CD1F}.Debug|Any CPU.ActiveCfg = Debug|Any CPU
		{3AD2247F-F8BB-4940-8E96-66B8AF02CD1F}.Debug|Any CPU.Build.0 = Debug|Any CPU
		{3AD2247F-F8BB-4940-8E96-66B8AF02CD1F}.Debug|ARM.ActiveCfg = Debug|Any CPU
		{3AD2247F-F8BB-4940-8E96-66B8AF02CD1F}.Debug|ARM.Build.0 = Debug|Any CPU
		{3AD2247F-F8BB-4940-8E96-66B8AF02CD1F}.Debug|iPhone.ActiveCfg = Debug|Any CPU
		{3AD2247F-F8BB-4940-8E96-66B8AF02CD1F}.Debug|iPhone.Build.0 = Debug|Any CPU
		{3AD2247F-F8BB-4940-8E96-66B8AF02CD1F}.Debug|iPhoneSimulator.ActiveCfg = Debug|Any CPU
		{3AD2247F-F8BB-4940-8E96-66B8AF02CD1F}.Debug|iPhoneSimulator.Build.0 = Debug|Any CPU
		{3AD2247F-F8BB-4940-8E96-66B8AF02CD1F}.Debug|Mixed Platforms.ActiveCfg = Debug|Any CPU
		{3AD2247F-F8BB-4940-8E96-66B8AF02CD1F}.Debug|Mixed Platforms.Build.0 = Debug|Any CPU
		{3AD2247F-F8BB-4940-8E96-66B8AF02CD1F}.Debug|Win32.ActiveCfg = Debug|Any CPU
		{3AD2247F-F8BB-4940-8E96-66B8AF02CD1F}.Debug|Win32.Build.0 = Debug|Any CPU
		{3AD2247F-F8BB-4940-8E96-66B8AF02CD1F}.Debug|x64.ActiveCfg = Debug|Any CPU
		{3AD2247F-F8BB-4940-8E96-66B8AF02CD1F}.Debug|x64.Build.0 = Debug|Any CPU
		{3AD2247F-F8BB-4940-8E96-66B8AF02CD1F}.Debug|x86.ActiveCfg = Debug|Any CPU
		{3AD2247F-F8BB-4940-8E96-66B8AF02CD1F}.Debug|x86.Build.0 = Debug|Any CPU
		{3AD2247F-F8BB-4940-8E96-66B8AF02CD1F}.Release|Any CPU.ActiveCfg = Release|Any CPU
		{3AD2247F-F8BB-4940-8E96-66B8AF02CD1F}.Release|Any CPU.Build.0 = Release|Any CPU
		{3AD2247F-F8BB-4940-8E96-66B8AF02CD1F}.Release|ARM.ActiveCfg = Release|Any CPU
		{3AD2247F-F8BB-4940-8E96-66B8AF02CD1F}.Release|ARM.Build.0 = Release|Any CPU
		{3AD2247F-F8BB-4940-8E96-66B8AF02CD1F}.Release|iPhone.ActiveCfg = Release|Any CPU
		{3AD2247F-F8BB-4940-8E96-66B8AF02CD1F}.Release|iPhone.Build.0 = Release|Any CPU
		{3AD2247F-F8BB-4940-8E96-66B8AF02CD1F}.Release|iPhoneSimulator.ActiveCfg = Release|Any CPU
		{3AD2247F-F8BB-4940-8E96-66B8AF02CD1F}.Release|iPhoneSimulator.Build.0 = Release|Any CPU
		{3AD2247F-F8BB-4940-8E96-66B8AF02CD1F}.Release|Mixed Platforms.ActiveCfg = Release|Any CPU
		{3AD2247F-F8BB-4940-8E96-66B8AF02CD1F}.Release|Mixed Platforms.Build.0 = Release|Any CPU
		{3AD2247F-F8BB-4940-8E96-66B8AF02CD1F}.Release|Win32.ActiveCfg = Release|Any CPU
		{3AD2247F-F8BB-4940-8E96-66B8AF02CD1F}.Release|Win32.Build.0 = Release|Any CPU
		{3AD2247F-F8BB-4940-8E96-66B8AF02CD1F}.Release|x64.ActiveCfg = Release|Any CPU
		{3AD2247F-F8BB-4940-8E96-66B8AF02CD1F}.Release|x64.Build.0 = Release|Any CPU
		{3AD2247F-F8BB-4940-8E96-66B8AF02CD1F}.Release|x86.ActiveCfg = Release|Any CPU
		{3AD2247F-F8BB-4940-8E96-66B8AF02CD1F}.Release|x86.Build.0 = Release|Any CPU
		{22B95210-C745-45D6-931A-FD1BD652834B}.Ad-Hoc|Any CPU.ActiveCfg = Release|Any CPU
		{22B95210-C745-45D6-931A-FD1BD652834B}.Ad-Hoc|Any CPU.Build.0 = Release|Any CPU
		{22B95210-C745-45D6-931A-FD1BD652834B}.Ad-Hoc|Any CPU.Deploy.0 = Release|Any CPU
		{22B95210-C745-45D6-931A-FD1BD652834B}.Ad-Hoc|ARM.ActiveCfg = Release|Any CPU
		{22B95210-C745-45D6-931A-FD1BD652834B}.Ad-Hoc|ARM.Build.0 = Release|Any CPU
		{22B95210-C745-45D6-931A-FD1BD652834B}.Ad-Hoc|ARM.Deploy.0 = Release|Any CPU
		{22B95210-C745-45D6-931A-FD1BD652834B}.Ad-Hoc|iPhone.ActiveCfg = Release|Any CPU
		{22B95210-C745-45D6-931A-FD1BD652834B}.Ad-Hoc|iPhone.Build.0 = Release|Any CPU
		{22B95210-C745-45D6-931A-FD1BD652834B}.Ad-Hoc|iPhone.Deploy.0 = Release|Any CPU
		{22B95210-C745-45D6-931A-FD1BD652834B}.Ad-Hoc|iPhoneSimulator.ActiveCfg = Release|Any CPU
		{22B95210-C745-45D6-931A-FD1BD652834B}.Ad-Hoc|iPhoneSimulator.Build.0 = Release|Any CPU
		{22B95210-C745-45D6-931A-FD1BD652834B}.Ad-Hoc|iPhoneSimulator.Deploy.0 = Release|Any CPU
		{22B95210-C745-45D6-931A-FD1BD652834B}.Ad-Hoc|Mixed Platforms.ActiveCfg = Release|Any CPU
		{22B95210-C745-45D6-931A-FD1BD652834B}.Ad-Hoc|Mixed Platforms.Build.0 = Release|Any CPU
		{22B95210-C745-45D6-931A-FD1BD652834B}.Ad-Hoc|Mixed Platforms.Deploy.0 = Release|Any CPU
		{22B95210-C745-45D6-931A-FD1BD652834B}.Ad-Hoc|Win32.ActiveCfg = Release|Any CPU
		{22B95210-C745-45D6-931A-FD1BD652834B}.Ad-Hoc|Win32.Build.0 = Release|Any CPU
		{22B95210-C745-45D6-931A-FD1BD652834B}.Ad-Hoc|Win32.Deploy.0 = Release|Any CPU
		{22B95210-C745-45D6-931A-FD1BD652834B}.Ad-Hoc|x64.ActiveCfg = Release|Any CPU
		{22B95210-C745-45D6-931A-FD1BD652834B}.Ad-Hoc|x64.Build.0 = Release|Any CPU
		{22B95210-C745-45D6-931A-FD1BD652834B}.Ad-Hoc|x64.Deploy.0 = Release|Any CPU
		{22B95210-C745-45D6-931A-FD1BD652834B}.Ad-Hoc|x86.ActiveCfg = Release|Any CPU
		{22B95210-C745-45D6-931A-FD1BD652834B}.Ad-Hoc|x86.Build.0 = Release|Any CPU
		{22B95210-C745-45D6-931A-FD1BD652834B}.Ad-Hoc|x86.Deploy.0 = Release|Any CPU
		{22B95210-C745-45D6-931A-FD1BD652834B}.AppStore|Any CPU.ActiveCfg = Release|Any CPU
		{22B95210-C745-45D6-931A-FD1BD652834B}.AppStore|Any CPU.Build.0 = Release|Any CPU
		{22B95210-C745-45D6-931A-FD1BD652834B}.AppStore|Any CPU.Deploy.0 = Release|Any CPU
		{22B95210-C745-45D6-931A-FD1BD652834B}.AppStore|ARM.ActiveCfg = Release|Any CPU
		{22B95210-C745-45D6-931A-FD1BD652834B}.AppStore|ARM.Build.0 = Release|Any CPU
		{22B95210-C745-45D6-931A-FD1BD652834B}.AppStore|ARM.Deploy.0 = Release|Any CPU
		{22B95210-C745-45D6-931A-FD1BD652834B}.AppStore|iPhone.ActiveCfg = Release|Any CPU
		{22B95210-C745-45D6-931A-FD1BD652834B}.AppStore|iPhone.Build.0 = Release|Any CPU
		{22B95210-C745-45D6-931A-FD1BD652834B}.AppStore|iPhone.Deploy.0 = Release|Any CPU
		{22B95210-C745-45D6-931A-FD1BD652834B}.AppStore|iPhoneSimulator.ActiveCfg = Release|Any CPU
		{22B95210-C745-45D6-931A-FD1BD652834B}.AppStore|iPhoneSimulator.Build.0 = Release|Any CPU
		{22B95210-C745-45D6-931A-FD1BD652834B}.AppStore|iPhoneSimulator.Deploy.0 = Release|Any CPU
		{22B95210-C745-45D6-931A-FD1BD652834B}.AppStore|Mixed Platforms.ActiveCfg = Release|Any CPU
		{22B95210-C745-45D6-931A-FD1BD652834B}.AppStore|Mixed Platforms.Build.0 = Release|Any CPU
		{22B95210-C745-45D6-931A-FD1BD652834B}.AppStore|Mixed Platforms.Deploy.0 = Release|Any CPU
		{22B95210-C745-45D6-931A-FD1BD652834B}.AppStore|Win32.ActiveCfg = Release|Any CPU
		{22B95210-C745-45D6-931A-FD1BD652834B}.AppStore|Win32.Build.0 = Release|Any CPU
		{22B95210-C745-45D6-931A-FD1BD652834B}.AppStore|Win32.Deploy.0 = Release|Any CPU
		{22B95210-C745-45D6-931A-FD1BD652834B}.AppStore|x64.ActiveCfg = Release|Any CPU
		{22B95210-C745-45D6-931A-FD1BD652834B}.AppStore|x64.Build.0 = Release|Any CPU
		{22B95210-C745-45D6-931A-FD1BD652834B}.AppStore|x64.Deploy.0 = Release|Any CPU
		{22B95210-C745-45D6-931A-FD1BD652834B}.AppStore|x86.ActiveCfg = Release|Any CPU
		{22B95210-C745-45D6-931A-FD1BD652834B}.AppStore|x86.Build.0 = Release|Any CPU
		{22B95210-C745-45D6-931A-FD1BD652834B}.AppStore|x86.Deploy.0 = Release|Any CPU
		{22B95210-C745-45D6-931A-FD1BD652834B}.Debug|Any CPU.ActiveCfg = Debug|Any CPU
		{22B95210-C745-45D6-931A-FD1BD652834B}.Debug|Any CPU.Build.0 = Debug|Any CPU
		{22B95210-C745-45D6-931A-FD1BD652834B}.Debug|Any CPU.Deploy.0 = Debug|Any CPU
		{22B95210-C745-45D6-931A-FD1BD652834B}.Debug|ARM.ActiveCfg = Debug|Any CPU
		{22B95210-C745-45D6-931A-FD1BD652834B}.Debug|ARM.Build.0 = Debug|Any CPU
		{22B95210-C745-45D6-931A-FD1BD652834B}.Debug|ARM.Deploy.0 = Debug|Any CPU
		{22B95210-C745-45D6-931A-FD1BD652834B}.Debug|iPhone.ActiveCfg = Debug|Any CPU
		{22B95210-C745-45D6-931A-FD1BD652834B}.Debug|iPhone.Build.0 = Debug|Any CPU
		{22B95210-C745-45D6-931A-FD1BD652834B}.Debug|iPhone.Deploy.0 = Debug|Any CPU
		{22B95210-C745-45D6-931A-FD1BD652834B}.Debug|iPhoneSimulator.ActiveCfg = Debug|Any CPU
		{22B95210-C745-45D6-931A-FD1BD652834B}.Debug|iPhoneSimulator.Build.0 = Debug|Any CPU
		{22B95210-C745-45D6-931A-FD1BD652834B}.Debug|iPhoneSimulator.Deploy.0 = Debug|Any CPU
		{22B95210-C745-45D6-931A-FD1BD652834B}.Debug|Mixed Platforms.ActiveCfg = Debug|Any CPU
		{22B95210-C745-45D6-931A-FD1BD652834B}.Debug|Mixed Platforms.Build.0 = Debug|Any CPU
		{22B95210-C745-45D6-931A-FD1BD652834B}.Debug|Mixed Platforms.Deploy.0 = Debug|Any CPU
		{22B95210-C745-45D6-931A-FD1BD652834B}.Debug|Win32.ActiveCfg = Debug|Any CPU
		{22B95210-C745-45D6-931A-FD1BD652834B}.Debug|Win32.Build.0 = Debug|Any CPU
		{22B95210-C745-45D6-931A-FD1BD652834B}.Debug|Win32.Deploy.0 = Debug|Any CPU
		{22B95210-C745-45D6-931A-FD1BD652834B}.Debug|x64.ActiveCfg = Debug|Any CPU
		{22B95210-C745-45D6-931A-FD1BD652834B}.Debug|x64.Build.0 = Debug|Any CPU
		{22B95210-C745-45D6-931A-FD1BD652834B}.Debug|x64.Deploy.0 = Debug|Any CPU
		{22B95210-C745-45D6-931A-FD1BD652834B}.Debug|x86.ActiveCfg = Debug|Any CPU
		{22B95210-C745-45D6-931A-FD1BD652834B}.Debug|x86.Build.0 = Debug|Any CPU
		{22B95210-C745-45D6-931A-FD1BD652834B}.Debug|x86.Deploy.0 = Debug|Any CPU
		{22B95210-C745-45D6-931A-FD1BD652834B}.Release|Any CPU.ActiveCfg = Release|Any CPU
		{22B95210-C745-45D6-931A-FD1BD652834B}.Release|Any CPU.Build.0 = Release|Any CPU
		{22B95210-C745-45D6-931A-FD1BD652834B}.Release|Any CPU.Deploy.0 = Release|Any CPU
		{22B95210-C745-45D6-931A-FD1BD652834B}.Release|ARM.ActiveCfg = Release|Any CPU
		{22B95210-C745-45D6-931A-FD1BD652834B}.Release|ARM.Build.0 = Release|Any CPU
		{22B95210-C745-45D6-931A-FD1BD652834B}.Release|ARM.Deploy.0 = Release|Any CPU
		{22B95210-C745-45D6-931A-FD1BD652834B}.Release|iPhone.ActiveCfg = Release|Any CPU
		{22B95210-C745-45D6-931A-FD1BD652834B}.Release|iPhone.Build.0 = Release|Any CPU
		{22B95210-C745-45D6-931A-FD1BD652834B}.Release|iPhone.Deploy.0 = Release|Any CPU
		{22B95210-C745-45D6-931A-FD1BD652834B}.Release|iPhoneSimulator.ActiveCfg = Release|Any CPU
		{22B95210-C745-45D6-931A-FD1BD652834B}.Release|iPhoneSimulator.Build.0 = Release|Any CPU
		{22B95210-C745-45D6-931A-FD1BD652834B}.Release|iPhoneSimulator.Deploy.0 = Release|Any CPU
		{22B95210-C745-45D6-931A-FD1BD652834B}.Release|Mixed Platforms.ActiveCfg = Release|Any CPU
		{22B95210-C745-45D6-931A-FD1BD652834B}.Release|Mixed Platforms.Build.0 = Release|Any CPU
		{22B95210-C745-45D6-931A-FD1BD652834B}.Release|Mixed Platforms.Deploy.0 = Release|Any CPU
		{22B95210-C745-45D6-931A-FD1BD652834B}.Release|Win32.ActiveCfg = Release|Any CPU
		{22B95210-C745-45D6-931A-FD1BD652834B}.Release|Win32.Build.0 = Release|Any CPU
		{22B95210-C745-45D6-931A-FD1BD652834B}.Release|Win32.Deploy.0 = Release|Any CPU
		{22B95210-C745-45D6-931A-FD1BD652834B}.Release|x64.ActiveCfg = Release|Any CPU
		{22B95210-C745-45D6-931A-FD1BD652834B}.Release|x64.Build.0 = Release|Any CPU
		{22B95210-C745-45D6-931A-FD1BD652834B}.Release|x64.Deploy.0 = Release|Any CPU
		{22B95210-C745-45D6-931A-FD1BD652834B}.Release|x86.ActiveCfg = Release|Any CPU
		{22B95210-C745-45D6-931A-FD1BD652834B}.Release|x86.Build.0 = Release|Any CPU
		{22B95210-C745-45D6-931A-FD1BD652834B}.Release|x86.Deploy.0 = Release|Any CPU
		{4C977F59-4FA7-4D93-9106-B3867C211876}.Ad-Hoc|Any CPU.ActiveCfg = Ad-Hoc|iPhone
		{4C977F59-4FA7-4D93-9106-B3867C211876}.Ad-Hoc|ARM.ActiveCfg = Ad-Hoc|iPhone
		{4C977F59-4FA7-4D93-9106-B3867C211876}.Ad-Hoc|iPhone.ActiveCfg = Ad-Hoc|iPhone
		{4C977F59-4FA7-4D93-9106-B3867C211876}.Ad-Hoc|iPhone.Build.0 = Ad-Hoc|iPhone
		{4C977F59-4FA7-4D93-9106-B3867C211876}.Ad-Hoc|iPhoneSimulator.ActiveCfg = Ad-Hoc|iPhoneSimulator
		{4C977F59-4FA7-4D93-9106-B3867C211876}.Ad-Hoc|iPhoneSimulator.Build.0 = Ad-Hoc|iPhoneSimulator
		{4C977F59-4FA7-4D93-9106-B3867C211876}.Ad-Hoc|Mixed Platforms.ActiveCfg = Ad-Hoc|iPhone
		{4C977F59-4FA7-4D93-9106-B3867C211876}.Ad-Hoc|Mixed Platforms.Build.0 = Ad-Hoc|iPhone
		{4C977F59-4FA7-4D93-9106-B3867C211876}.Ad-Hoc|Win32.ActiveCfg = Ad-Hoc|iPhone
		{4C977F59-4FA7-4D93-9106-B3867C211876}.Ad-Hoc|x64.ActiveCfg = Ad-Hoc|iPhone
		{4C977F59-4FA7-4D93-9106-B3867C211876}.Ad-Hoc|x86.ActiveCfg = Ad-Hoc|iPhone
		{4C977F59-4FA7-4D93-9106-B3867C211876}.AppStore|Any CPU.ActiveCfg = AppStore|iPhone
		{4C977F59-4FA7-4D93-9106-B3867C211876}.AppStore|ARM.ActiveCfg = AppStore|iPhone
		{4C977F59-4FA7-4D93-9106-B3867C211876}.AppStore|iPhone.ActiveCfg = AppStore|iPhone
		{4C977F59-4FA7-4D93-9106-B3867C211876}.AppStore|iPhone.Build.0 = AppStore|iPhone
		{4C977F59-4FA7-4D93-9106-B3867C211876}.AppStore|iPhoneSimulator.ActiveCfg = AppStore|iPhoneSimulator
		{4C977F59-4FA7-4D93-9106-B3867C211876}.AppStore|iPhoneSimulator.Build.0 = AppStore|iPhoneSimulator
		{4C977F59-4FA7-4D93-9106-B3867C211876}.AppStore|Mixed Platforms.ActiveCfg = AppStore|iPhone
		{4C977F59-4FA7-4D93-9106-B3867C211876}.AppStore|Mixed Platforms.Build.0 = AppStore|iPhone
		{4C977F59-4FA7-4D93-9106-B3867C211876}.AppStore|Win32.ActiveCfg = AppStore|iPhone
		{4C977F59-4FA7-4D93-9106-B3867C211876}.AppStore|x64.ActiveCfg = AppStore|iPhone
		{4C977F59-4FA7-4D93-9106-B3867C211876}.AppStore|x86.ActiveCfg = AppStore|iPhone
		{4C977F59-4FA7-4D93-9106-B3867C211876}.Debug|Any CPU.ActiveCfg = Debug|iPhone
		{4C977F59-4FA7-4D93-9106-B3867C211876}.Debug|ARM.ActiveCfg = Debug|iPhone
		{4C977F59-4FA7-4D93-9106-B3867C211876}.Debug|iPhone.ActiveCfg = Debug|iPhone
		{4C977F59-4FA7-4D93-9106-B3867C211876}.Debug|iPhone.Build.0 = Debug|iPhone
		{4C977F59-4FA7-4D93-9106-B3867C211876}.Debug|iPhoneSimulator.ActiveCfg = Debug|iPhoneSimulator
		{4C977F59-4FA7-4D93-9106-B3867C211876}.Debug|iPhoneSimulator.Build.0 = Debug|iPhoneSimulator
		{4C977F59-4FA7-4D93-9106-B3867C211876}.Debug|Mixed Platforms.ActiveCfg = Debug|iPhone
		{4C977F59-4FA7-4D93-9106-B3867C211876}.Debug|Mixed Platforms.Build.0 = Debug|iPhone
		{4C977F59-4FA7-4D93-9106-B3867C211876}.Debug|Win32.ActiveCfg = Debug|iPhone
		{4C977F59-4FA7-4D93-9106-B3867C211876}.Debug|x64.ActiveCfg = Debug|iPhone
		{4C977F59-4FA7-4D93-9106-B3867C211876}.Debug|x86.ActiveCfg = Debug|iPhone
		{4C977F59-4FA7-4D93-9106-B3867C211876}.Release|Any CPU.ActiveCfg = Release|iPhone
		{4C977F59-4FA7-4D93-9106-B3867C211876}.Release|ARM.ActiveCfg = Release|iPhone
		{4C977F59-4FA7-4D93-9106-B3867C211876}.Release|iPhone.ActiveCfg = Release|iPhone
		{4C977F59-4FA7-4D93-9106-B3867C211876}.Release|iPhone.Build.0 = Release|iPhone
		{4C977F59-4FA7-4D93-9106-B3867C211876}.Release|iPhoneSimulator.ActiveCfg = Release|iPhoneSimulator
		{4C977F59-4FA7-4D93-9106-B3867C211876}.Release|iPhoneSimulator.Build.0 = Release|iPhoneSimulator
		{4C977F59-4FA7-4D93-9106-B3867C211876}.Release|Mixed Platforms.ActiveCfg = Release|iPhone
		{4C977F59-4FA7-4D93-9106-B3867C211876}.Release|Mixed Platforms.Build.0 = Release|iPhone
		{4C977F59-4FA7-4D93-9106-B3867C211876}.Release|Win32.ActiveCfg = Release|iPhone
		{4C977F59-4FA7-4D93-9106-B3867C211876}.Release|x64.ActiveCfg = Release|iPhone
		{4C977F59-4FA7-4D93-9106-B3867C211876}.Release|x86.ActiveCfg = Release|iPhone
		{A3E882C8-C035-4C9B-9822-61EE386F3563}.Ad-Hoc|Any CPU.ActiveCfg = Release|x86
		{A3E882C8-C035-4C9B-9822-61EE386F3563}.Ad-Hoc|Any CPU.Build.0 = Release|x86
		{A3E882C8-C035-4C9B-9822-61EE386F3563}.Ad-Hoc|Any CPU.Deploy.0 = Release|x86
		{A3E882C8-C035-4C9B-9822-61EE386F3563}.Ad-Hoc|ARM.ActiveCfg = Release|ARM
		{A3E882C8-C035-4C9B-9822-61EE386F3563}.Ad-Hoc|ARM.Build.0 = Release|ARM
		{A3E882C8-C035-4C9B-9822-61EE386F3563}.Ad-Hoc|ARM.Deploy.0 = Release|ARM
		{A3E882C8-C035-4C9B-9822-61EE386F3563}.Ad-Hoc|iPhone.ActiveCfg = Release|x86
		{A3E882C8-C035-4C9B-9822-61EE386F3563}.Ad-Hoc|iPhone.Build.0 = Release|x86
		{A3E882C8-C035-4C9B-9822-61EE386F3563}.Ad-Hoc|iPhone.Deploy.0 = Release|x86
		{A3E882C8-C035-4C9B-9822-61EE386F3563}.Ad-Hoc|iPhoneSimulator.ActiveCfg = Release|x86
		{A3E882C8-C035-4C9B-9822-61EE386F3563}.Ad-Hoc|iPhoneSimulator.Build.0 = Release|x86
		{A3E882C8-C035-4C9B-9822-61EE386F3563}.Ad-Hoc|iPhoneSimulator.Deploy.0 = Release|x86
		{A3E882C8-C035-4C9B-9822-61EE386F3563}.Ad-Hoc|Mixed Platforms.ActiveCfg = Release|x86
		{A3E882C8-C035-4C9B-9822-61EE386F3563}.Ad-Hoc|Mixed Platforms.Build.0 = Release|x86
		{A3E882C8-C035-4C9B-9822-61EE386F3563}.Ad-Hoc|Mixed Platforms.Deploy.0 = Release|x86
		{A3E882C8-C035-4C9B-9822-61EE386F3563}.Ad-Hoc|Win32.ActiveCfg = Release|x86
		{A3E882C8-C035-4C9B-9822-61EE386F3563}.Ad-Hoc|Win32.Build.0 = Release|x86
		{A3E882C8-C035-4C9B-9822-61EE386F3563}.Ad-Hoc|Win32.Deploy.0 = Release|x86
		{A3E882C8-C035-4C9B-9822-61EE386F3563}.Ad-Hoc|x64.ActiveCfg = Release|x64
		{A3E882C8-C035-4C9B-9822-61EE386F3563}.Ad-Hoc|x64.Build.0 = Release|x64
		{A3E882C8-C035-4C9B-9822-61EE386F3563}.Ad-Hoc|x64.Deploy.0 = Release|x64
		{A3E882C8-C035-4C9B-9822-61EE386F3563}.Ad-Hoc|x86.ActiveCfg = Release|x86
		{A3E882C8-C035-4C9B-9822-61EE386F3563}.Ad-Hoc|x86.Build.0 = Release|x86
		{A3E882C8-C035-4C9B-9822-61EE386F3563}.Ad-Hoc|x86.Deploy.0 = Release|x86
		{A3E882C8-C035-4C9B-9822-61EE386F3563}.AppStore|Any CPU.ActiveCfg = Release|x86
		{A3E882C8-C035-4C9B-9822-61EE386F3563}.AppStore|Any CPU.Build.0 = Release|x86
		{A3E882C8-C035-4C9B-9822-61EE386F3563}.AppStore|Any CPU.Deploy.0 = Release|x86
		{A3E882C8-C035-4C9B-9822-61EE386F3563}.AppStore|ARM.ActiveCfg = Release|ARM
		{A3E882C8-C035-4C9B-9822-61EE386F3563}.AppStore|ARM.Build.0 = Release|ARM
		{A3E882C8-C035-4C9B-9822-61EE386F3563}.AppStore|ARM.Deploy.0 = Release|ARM
		{A3E882C8-C035-4C9B-9822-61EE386F3563}.AppStore|iPhone.ActiveCfg = Release|x86
		{A3E882C8-C035-4C9B-9822-61EE386F3563}.AppStore|iPhone.Build.0 = Release|x86
		{A3E882C8-C035-4C9B-9822-61EE386F3563}.AppStore|iPhone.Deploy.0 = Release|x86
		{A3E882C8-C035-4C9B-9822-61EE386F3563}.AppStore|iPhoneSimulator.ActiveCfg = Release|x86
		{A3E882C8-C035-4C9B-9822-61EE386F3563}.AppStore|iPhoneSimulator.Build.0 = Release|x86
		{A3E882C8-C035-4C9B-9822-61EE386F3563}.AppStore|iPhoneSimulator.Deploy.0 = Release|x86
		{A3E882C8-C035-4C9B-9822-61EE386F3563}.AppStore|Mixed Platforms.ActiveCfg = Release|x86
		{A3E882C8-C035-4C9B-9822-61EE386F3563}.AppStore|Mixed Platforms.Build.0 = Release|x86
		{A3E882C8-C035-4C9B-9822-61EE386F3563}.AppStore|Mixed Platforms.Deploy.0 = Release|x86
		{A3E882C8-C035-4C9B-9822-61EE386F3563}.AppStore|Win32.ActiveCfg = Release|x86
		{A3E882C8-C035-4C9B-9822-61EE386F3563}.AppStore|Win32.Build.0 = Release|x86
		{A3E882C8-C035-4C9B-9822-61EE386F3563}.AppStore|Win32.Deploy.0 = Release|x86
		{A3E882C8-C035-4C9B-9822-61EE386F3563}.AppStore|x64.ActiveCfg = Release|x64
		{A3E882C8-C035-4C9B-9822-61EE386F3563}.AppStore|x64.Build.0 = Release|x64
		{A3E882C8-C035-4C9B-9822-61EE386F3563}.AppStore|x64.Deploy.0 = Release|x64
		{A3E882C8-C035-4C9B-9822-61EE386F3563}.AppStore|x86.ActiveCfg = Release|x86
		{A3E882C8-C035-4C9B-9822-61EE386F3563}.AppStore|x86.Build.0 = Release|x86
		{A3E882C8-C035-4C9B-9822-61EE386F3563}.AppStore|x86.Deploy.0 = Release|x86
		{A3E882C8-C035-4C9B-9822-61EE386F3563}.Debug|Any CPU.ActiveCfg = Debug|x86
		{A3E882C8-C035-4C9B-9822-61EE386F3563}.Debug|ARM.ActiveCfg = Debug|ARM
		{A3E882C8-C035-4C9B-9822-61EE386F3563}.Debug|ARM.Build.0 = Debug|ARM
		{A3E882C8-C035-4C9B-9822-61EE386F3563}.Debug|ARM.Deploy.0 = Debug|ARM
		{A3E882C8-C035-4C9B-9822-61EE386F3563}.Debug|iPhone.ActiveCfg = Debug|x86
		{A3E882C8-C035-4C9B-9822-61EE386F3563}.Debug|iPhoneSimulator.ActiveCfg = Debug|x86
		{A3E882C8-C035-4C9B-9822-61EE386F3563}.Debug|Mixed Platforms.ActiveCfg = Debug|x86
		{A3E882C8-C035-4C9B-9822-61EE386F3563}.Debug|Mixed Platforms.Build.0 = Debug|x86
		{A3E882C8-C035-4C9B-9822-61EE386F3563}.Debug|Mixed Platforms.Deploy.0 = Debug|x86
		{A3E882C8-C035-4C9B-9822-61EE386F3563}.Debug|Win32.ActiveCfg = Debug|x86
		{A3E882C8-C035-4C9B-9822-61EE386F3563}.Debug|Win32.Build.0 = Debug|x86
		{A3E882C8-C035-4C9B-9822-61EE386F3563}.Debug|Win32.Deploy.0 = Debug|x86
		{A3E882C8-C035-4C9B-9822-61EE386F3563}.Debug|x64.ActiveCfg = Debug|x64
		{A3E882C8-C035-4C9B-9822-61EE386F3563}.Debug|x64.Build.0 = Debug|x64
		{A3E882C8-C035-4C9B-9822-61EE386F3563}.Debug|x64.Deploy.0 = Debug|x64
		{A3E882C8-C035-4C9B-9822-61EE386F3563}.Debug|x86.ActiveCfg = Debug|x86
		{A3E882C8-C035-4C9B-9822-61EE386F3563}.Debug|x86.Build.0 = Debug|x86
		{A3E882C8-C035-4C9B-9822-61EE386F3563}.Debug|x86.Deploy.0 = Debug|x86
		{A3E882C8-C035-4C9B-9822-61EE386F3563}.Release|Any CPU.ActiveCfg = Release|x86
		{A3E882C8-C035-4C9B-9822-61EE386F3563}.Release|ARM.ActiveCfg = Release|ARM
		{A3E882C8-C035-4C9B-9822-61EE386F3563}.Release|ARM.Build.0 = Release|ARM
		{A3E882C8-C035-4C9B-9822-61EE386F3563}.Release|ARM.Deploy.0 = Release|ARM
		{A3E882C8-C035-4C9B-9822-61EE386F3563}.Release|iPhone.ActiveCfg = Release|x86
		{A3E882C8-C035-4C9B-9822-61EE386F3563}.Release|iPhoneSimulator.ActiveCfg = Release|x86
		{A3E882C8-C035-4C9B-9822-61EE386F3563}.Release|Mixed Platforms.ActiveCfg = Release|x86
		{A3E882C8-C035-4C9B-9822-61EE386F3563}.Release|Mixed Platforms.Build.0 = Release|x86
		{A3E882C8-C035-4C9B-9822-61EE386F3563}.Release|Mixed Platforms.Deploy.0 = Release|x86
		{A3E882C8-C035-4C9B-9822-61EE386F3563}.Release|Win32.ActiveCfg = Release|x86
		{A3E882C8-C035-4C9B-9822-61EE386F3563}.Release|Win32.Build.0 = Release|x86
		{A3E882C8-C035-4C9B-9822-61EE386F3563}.Release|Win32.Deploy.0 = Release|x86
		{A3E882C8-C035-4C9B-9822-61EE386F3563}.Release|x64.ActiveCfg = Release|x64
		{A3E882C8-C035-4C9B-9822-61EE386F3563}.Release|x64.Build.0 = Release|x64
		{A3E882C8-C035-4C9B-9822-61EE386F3563}.Release|x64.Deploy.0 = Release|x64
		{A3E882C8-C035-4C9B-9822-61EE386F3563}.Release|x86.ActiveCfg = Release|x86
		{A3E882C8-C035-4C9B-9822-61EE386F3563}.Release|x86.Build.0 = Release|x86
		{A3E882C8-C035-4C9B-9822-61EE386F3563}.Release|x86.Deploy.0 = Release|x86
	EndGlobalSection
	GlobalSection(SolutionProperties) = preSolution
		HideSolutionNode = FALSE
	EndGlobalSection
EndGlobal
